
Microsoft Visual Studio Solution File, Format Version 12.00
# Visual Studio Version 17
VisualStudioVersion = 17.3.32811.315
MinimumVisualStudioVersion = 10.0.40219.1
Project("{9A19103F-16F7-4668-BE54-9A1E7A4F7556}") = "StreamRoom.WebApi", "src\StreamRoom.WebApi\StreamRoom.WebApi.csproj", "{09BF1400-D5BC-4636-9A4B-3499C0CE1B74}"
EndProject
Project("{2150E333-8FDC-42A3-9474-1A3956D46DE8}") = "Solution Items", "Solution Items", "{65BE96BA-1881-4037-9634-60933421940D}"
	ProjectSection(SolutionItems) = preProject
		.dockerignore = .dockerignore
		.editorconfig = .editorconfig
		.gitignore = .gitignore
		docker-compose.yaml = docker-compose.yaml
	EndProjectSection
EndProject
Project("{2150E333-8FDC-42A3-9474-1A3956D46DE8}") = "Domain", "Domain", "{FC92E6FA-101E-4F1E-A81B-9C9D93FF3496}"
EndProject
Project("{2150E333-8FDC-42A3-9474-1A3956D46DE8}") = "Infrastructure", "Infrastructure", "{2B5DBF81-63C8-4442-AF19-E489973340AC}"
EndProject
Project("{2150E333-8FDC-42A3-9474-1A3956D46DE8}") = "Application", "Application", "{B0CBFACA-B8DC-4E42-A494-624BC1E00F57}"
EndProject
Project("{9A19103F-16F7-4668-BE54-9A1E7A4F7556}") = "StreamRoom.Domain", "src\Domain\StreamRoom.Domain\StreamRoom.Domain.csproj", "{5B00CDC4-B38B-4A31-8BF4-ED698E397234}"
EndProject
Project("{9A19103F-16F7-4668-BE54-9A1E7A4F7556}") = "StreamRoom.Application", "src\Application\StreamRoom.Application\StreamRoom.Application.csproj", "{42ABB347-974D-4FDE-954C-B46773E5DD0B}"
EndProject
Project("{FAE04EC0-301F-11D3-BF4B-00C04F79EFBC}") = "StreamRoom.Infrastructure.Redis", "src\Infrastructure\StreamRoom.Infrastructure.Redis\StreamRoom.Infrastructure.Redis.csproj", "{651B9A6D-D01F-46E9-B62D-880889A84569}"
EndProject
Project("{FAE04EC0-301F-11D3-BF4B-00C04F79EFBC}") = "StreamRoom.Application.GraphQL", "src\Application\StreamRoom.Application.GraphQL\StreamRoom.Application.GraphQL.csproj", "{F2F3841C-977D-4B43-9D94-591BF565A224}"
EndProject
Project("{2150E333-8FDC-42A3-9474-1A3956D46DE8}") = "Common", "Common", "{9BCD25B6-A0E5-47C6-9418-A144CC8879C5}"
EndProject
Project("{FAE04EC0-301F-11D3-BF4B-00C04F79EFBC}") = "StreamRoom.Common", "src\Common\StreamRoom.Common\StreamRoom.Common.csproj", "{653F9A73-1839-4543-A5FD-F134AB119492}"
EndProject
Global
	GlobalSection(SolutionConfigurationPlatforms) = preSolution
		Debug|Any CPU = Debug|Any CPU
		Release|Any CPU = Release|Any CPU
	EndGlobalSection
	GlobalSection(ProjectConfigurationPlatforms) = postSolution
		{09BF1400-D5BC-4636-9A4B-3499C0CE1B74}.Debug|Any CPU.ActiveCfg = Debug|Any CPU
		{09BF1400-D5BC-4636-9A4B-3499C0CE1B74}.Debug|Any CPU.Build.0 = Debug|Any CPU
		{09BF1400-D5BC-4636-9A4B-3499C0CE1B74}.Release|Any CPU.ActiveCfg = Release|Any CPU
		{09BF1400-D5BC-4636-9A4B-3499C0CE1B74}.Release|Any CPU.Build.0 = Release|Any CPU
		{5B00CDC4-B38B-4A31-8BF4-ED698E397234}.Debug|Any CPU.ActiveCfg = Debug|Any CPU
		{5B00CDC4-B38B-4A31-8BF4-ED698E397234}.Debug|Any CPU.Build.0 = Debug|Any CPU
		{5B00CDC4-B38B-4A31-8BF4-ED698E397234}.Release|Any CPU.ActiveCfg = Release|Any CPU
		{5B00CDC4-B38B-4A31-8BF4-ED698E397234}.Release|Any CPU.Build.0 = Release|Any CPU
		{42ABB347-974D-4FDE-954C-B46773E5DD0B}.Debug|Any CPU.ActiveCfg = Debug|Any CPU
		{42ABB347-974D-4FDE-954C-B46773E5DD0B}.Debug|Any CPU.Build.0 = Debug|Any CPU
		{42ABB347-974D-4FDE-954C-B46773E5DD0B}.Release|Any CPU.ActiveCfg = Release|Any CPU
		{42ABB347-974D-4FDE-954C-B46773E5DD0B}.Release|Any CPU.Build.0 = Release|Any CPU
		{651B9A6D-D01F-46E9-B62D-880889A84569}.Debug|Any CPU.ActiveCfg = Debug|Any CPU
		{651B9A6D-D01F-46E9-B62D-880889A84569}.Debug|Any CPU.Build.0 = Debug|Any CPU
		{651B9A6D-D01F-46E9-B62D-880889A84569}.Release|Any CPU.ActiveCfg = Release|Any CPU
		{651B9A6D-D01F-46E9-B62D-880889A84569}.Release|Any CPU.Build.0 = Release|Any CPU
		{F2F3841C-977D-4B43-9D94-591BF565A224}.Debug|Any CPU.ActiveCfg = Debug|Any CPU
		{F2F3841C-977D-4B43-9D94-591BF565A224}.Debug|Any CPU.Build.0 = Debug|Any CPU
		{F2F3841C-977D-4B43-9D94-591BF565A224}.Release|Any CPU.ActiveCfg = Release|Any CPU
		{F2F3841C-977D-4B43-9D94-591BF565A224}.Release|Any CPU.Build.0 = Release|Any CPU
		{653F9A73-1839-4543-A5FD-F134AB119492}.Debug|Any CPU.ActiveCfg = Debug|Any CPU
		{653F9A73-1839-4543-A5FD-F134AB119492}.Debug|Any CPU.Build.0 = Debug|Any CPU
		{653F9A73-1839-4543-A5FD-F134AB119492}.Release|Any CPU.ActiveCfg = Release|Any CPU
		{653F9A73-1839-4543-A5FD-F134AB119492}.Release|Any CPU.Build.0 = Release|Any CPU
	EndGlobalSection
	GlobalSection(SolutionProperties) = preSolution
		HideSolutionNode = FALSE
	EndGlobalSection
	GlobalSection(NestedProjects) = preSolution
		{5B00CDC4-B38B-4A31-8BF4-ED698E397234} = {FC92E6FA-101E-4F1E-A81B-9C9D93FF3496}
		{42ABB347-974D-4FDE-954C-B46773E5DD0B} = {B0CBFACA-B8DC-4E42-A494-624BC1E00F57}
		{651B9A6D-D01F-46E9-B62D-880889A84569} = {2B5DBF81-63C8-4442-AF19-E489973340AC}
		{F2F3841C-977D-4B43-9D94-591BF565A224} = {B0CBFACA-B8DC-4E42-A494-624BC1E00F57}
		{653F9A73-1839-4543-A5FD-F134AB119492} = {9BCD25B6-A0E5-47C6-9418-A144CC8879C5}
	EndGlobalSection
	GlobalSection(ExtensibilityGlobals) = postSolution
		SolutionGuid = {64BBB94E-F303-4049-9B6D-D169EBD69ED9}
	EndGlobalSection
EndGlobal
